// !$*UTF8*$!
{
	archiveVersion = 1;
	classes = {
	};
	objectVersion = 56;
	objects = {

/* Begin PBXBuildFile section */
		D04CB4F42C4014E400695DFB /* CacheStoreProtocol.swift in Sources */ = {isa = PBXBuildFile; fileRef = D04CB4F12C4014E300695DFB /* CacheStoreProtocol.swift */; };
		D04CB4F52C4014E400695DFB /* RetrieveStoreResult.swift in Sources */ = {isa = PBXBuildFile; fileRef = D04CB4F22C4014E400695DFB /* RetrieveStoreResult.swift */; };
		D04CB4F62C4014E400695DFB /* CacheStore.swift in Sources */ = {isa = PBXBuildFile; fileRef = D04CB4F32C4014E400695DFB /* CacheStore.swift */; };
		D04CB4F82C40154800695DFB /* UserLocalRepository.swift in Sources */ = {isa = PBXBuildFile; fileRef = D04CB4F72C40154800695DFB /* UserLocalRepository.swift */; };
		D0A791552C342B34007EBCAB /* AppDelegate.swift in Sources */ = {isa = PBXBuildFile; fileRef = D0A791542C342B34007EBCAB /* AppDelegate.swift */; };
		D0A791572C342B34007EBCAB /* SceneDelegate.swift in Sources */ = {isa = PBXBuildFile; fileRef = D0A791562C342B34007EBCAB /* SceneDelegate.swift */; };
		D0A791592C342B34007EBCAB /* UserViewController.swift in Sources */ = {isa = PBXBuildFile; fileRef = D0A791582C342B34007EBCAB /* UserViewController.swift */; };
		D0A7915C2C342B34007EBCAB /* Main.storyboard in Resources */ = {isa = PBXBuildFile; fileRef = D0A7915A2C342B34007EBCAB /* Main.storyboard */; };
		D0A7915E2C342B35007EBCAB /* Assets.xcassets in Resources */ = {isa = PBXBuildFile; fileRef = D0A7915D2C342B35007EBCAB /* Assets.xcassets */; };
		D0A791612C342B35007EBCAB /* LaunchScreen.storyboard in Resources */ = {isa = PBXBuildFile; fileRef = D0A7915F2C342B35007EBCAB /* LaunchScreen.storyboard */; };
		D0A791692C342B6F007EBCAB /* HTTPClient.swift in Sources */ = {isa = PBXBuildFile; fileRef = D0A791682C342B6F007EBCAB /* HTTPClient.swift */; };
		D0A7916B2C342B89007EBCAB /* RequestType.swift in Sources */ = {isa = PBXBuildFile; fileRef = D0A7916A2C342B89007EBCAB /* RequestType.swift */; };
		D0A7916D2C342B9B007EBCAB /* URLSessionHTTPClient.swift in Sources */ = {isa = PBXBuildFile; fileRef = D0A7916C2C342B9B007EBCAB /* URLSessionHTTPClient.swift */; };
		D0A791702C342BBC007EBCAB /* UserRequest.swift in Sources */ = {isa = PBXBuildFile; fileRef = D0A7916F2C342BBC007EBCAB /* UserRequest.swift */; };
		D0A791722C342D55007EBCAB /* UserRemoteRepository.swift in Sources */ = {isa = PBXBuildFile; fileRef = D0A791712C342D55007EBCAB /* UserRemoteRepository.swift */; };
		D0A791742C342E2A007EBCAB /* UserUseCase.swift in Sources */ = {isa = PBXBuildFile; fileRef = D0A791732C342E2A007EBCAB /* UserUseCase.swift */; };
		D0A791762C342ED8007EBCAB /* UserViewModel.swift in Sources */ = {isa = PBXBuildFile; fileRef = D0A791752C342ED8007EBCAB /* UserViewModel.swift */; };
		D0FFE3EE2C43C550006FC2D7 /* JsonEncoder+codableModelToJson.swift in Sources */ = {isa = PBXBuildFile; fileRef = D0FFE3ED2C43C550006FC2D7 /* JsonEncoder+codableModelToJson.swift */; };
		D0FFE44C2C46659B006FC2D7 /* ImageCacheStore.swift in Sources */ = {isa = PBXBuildFile; fileRef = D0FFE44B2C46659B006FC2D7 /* ImageCacheStore.swift */; };
		D0FFE4952C475B11006FC2D7 /* ImageCacheStoreProtocol.swift in Sources */ = {isa = PBXBuildFile; fileRef = D0FFE4942C475B11006FC2D7 /* ImageCacheStoreProtocol.swift */; };
/* End PBXBuildFile section */

/* Begin PBXFileReference section */
		D04CB4F12C4014E300695DFB /* CacheStoreProtocol.swift */ = {isa = PBXFileReference; fileEncoding = 4; lastKnownFileType = sourcecode.swift; path = CacheStoreProtocol.swift; sourceTree = "<group>"; };
		D04CB4F22C4014E400695DFB /* RetrieveStoreResult.swift */ = {isa = PBXFileReference; fileEncoding = 4; lastKnownFileType = sourcecode.swift; path = RetrieveStoreResult.swift; sourceTree = "<group>"; };
		D04CB4F32C4014E400695DFB /* CacheStore.swift */ = {isa = PBXFileReference; fileEncoding = 4; lastKnownFileType = sourcecode.swift; path = CacheStore.swift; sourceTree = "<group>"; };
		D04CB4F72C40154800695DFB /* UserLocalRepository.swift */ = {isa = PBXFileReference; lastKnownFileType = sourcecode.swift; path = UserLocalRepository.swift; sourceTree = "<group>"; };
		D0A791512C342B34007EBCAB /* Houzz-Pagination.app */ = {isa = PBXFileReference; explicitFileType = wrapper.application; includeInIndex = 0; path = "Houzz-Pagination.app"; sourceTree = BUILT_PRODUCTS_DIR; };
		D0A791542C342B34007EBCAB /* AppDelegate.swift */ = {isa = PBXFileReference; lastKnownFileType = sourcecode.swift; path = AppDelegate.swift; sourceTree = "<group>"; };
		D0A791562C342B34007EBCAB /* SceneDelegate.swift */ = {isa = PBXFileReference; lastKnownFileType = sourcecode.swift; path = SceneDelegate.swift; sourceTree = "<group>"; };
		D0A791582C342B34007EBCAB /* UserViewController.swift */ = {isa = PBXFileReference; lastKnownFileType = sourcecode.swift; path = UserViewController.swift; sourceTree = "<group>"; };
		D0A7915B2C342B34007EBCAB /* Base */ = {isa = PBXFileReference; lastKnownFileType = file.storyboard; name = Base; path = Base.lproj/Main.storyboard; sourceTree = "<group>"; };
		D0A7915D2C342B35007EBCAB /* Assets.xcassets */ = {isa = PBXFileReference; lastKnownFileType = folder.assetcatalog; path = Assets.xcassets; sourceTree = "<group>"; };
		D0A791602C342B35007EBCAB /* Base */ = {isa = PBXFileReference; lastKnownFileType = file.storyboard; name = Base; path = Base.lproj/LaunchScreen.storyboard; sourceTree = "<group>"; };
		D0A791622C342B35007EBCAB /* Info.plist */ = {isa = PBXFileReference; lastKnownFileType = text.plist.xml; path = Info.plist; sourceTree = "<group>"; };
		D0A791682C342B6F007EBCAB /* HTTPClient.swift */ = {isa = PBXFileReference; lastKnownFileType = sourcecode.swift; path = HTTPClient.swift; sourceTree = "<group>"; };
		D0A7916A2C342B89007EBCAB /* RequestType.swift */ = {isa = PBXFileReference; lastKnownFileType = sourcecode.swift; path = RequestType.swift; sourceTree = "<group>"; };
		D0A7916C2C342B9B007EBCAB /* URLSessionHTTPClient.swift */ = {isa = PBXFileReference; lastKnownFileType = sourcecode.swift; path = URLSessionHTTPClient.swift; sourceTree = "<group>"; };
		D0A7916F2C342BBC007EBCAB /* UserRequest.swift */ = {isa = PBXFileReference; lastKnownFileType = sourcecode.swift; path = UserRequest.swift; sourceTree = "<group>"; };
		D0A791712C342D55007EBCAB /* UserRemoteRepository.swift */ = {isa = PBXFileReference; lastKnownFileType = sourcecode.swift; path = UserRemoteRepository.swift; sourceTree = "<group>"; };
		D0A791732C342E2A007EBCAB /* UserUseCase.swift */ = {isa = PBXFileReference; lastKnownFileType = sourcecode.swift; path = UserUseCase.swift; sourceTree = "<group>"; };
		D0A791752C342ED8007EBCAB /* UserViewModel.swift */ = {isa = PBXFileReference; lastKnownFileType = sourcecode.swift; path = UserViewModel.swift; sourceTree = "<group>"; };
		D0FFE3ED2C43C550006FC2D7 /* JsonEncoder+codableModelToJson.swift */ = {isa = PBXFileReference; lastKnownFileType = sourcecode.swift; path = "JsonEncoder+codableModelToJson.swift"; sourceTree = "<group>"; };
		D0FFE44B2C46659B006FC2D7 /* ImageCacheStore.swift */ = {isa = PBXFileReference; lastKnownFileType = sourcecode.swift; path = ImageCacheStore.swift; sourceTree = "<group>"; };
		D0FFE4942C475B11006FC2D7 /* ImageCacheStoreProtocol.swift */ = {isa = PBXFileReference; lastKnownFileType = sourcecode.swift; path = ImageCacheStoreProtocol.swift; sourceTree = "<group>"; };
/* End PBXFileReference section */

/* Begin PBXFrameworksBuildPhase section */
		D0A7914E2C342B34007EBCAB /* Frameworks */ = {
			isa = PBXFrameworksBuildPhase;
			buildActionMask = 2147483647;
			files = (
			);
			runOnlyForDeploymentPostprocessing = 0;
		};
/* End PBXFrameworksBuildPhase section */

/* Begin PBXGroup section */
		D04CB4F02C4014C200695DFB /* CacheStore */ = {
			isa = PBXGroup;
			children = (
				D04CB4F32C4014E400695DFB /* CacheStore.swift */,
				D04CB4F12C4014E300695DFB /* CacheStoreProtocol.swift */,
				D04CB4F22C4014E400695DFB /* RetrieveStoreResult.swift */,
				D0FFE4942C475B11006FC2D7 /* ImageCacheStoreProtocol.swift */,
				D0FFE44B2C46659B006FC2D7 /* ImageCacheStore.swift */,
			);
			path = CacheStore;
			sourceTree = "<group>";
		};
		D04CB4F92C4015B200695DFB /* Remote */ = {
			isa = PBXGroup;
			children = (
				D0A7916F2C342BBC007EBCAB /* UserRequest.swift */,
				D0A791712C342D55007EBCAB /* UserRemoteRepository.swift */,
			);
			path = Remote;
			sourceTree = "<group>";
		};
		D0A791482C342B34007EBCAB = {
			isa = PBXGroup;
			children = (
				D0A791532C342B34007EBCAB /* Houzz-Pagination */,
				D0A791522C342B34007EBCAB /* Products */,
			);
			sourceTree = "<group>";
		};
		D0A791522C342B34007EBCAB /* Products */ = {
			isa = PBXGroup;
			children = (
				D0A791512C342B34007EBCAB /* Houzz-Pagination.app */,
			);
			name = Products;
			sourceTree = "<group>";
		};
		D0A791532C342B34007EBCAB /* Houzz-Pagination */ = {
			isa = PBXGroup;
			children = (
				D0A791792C34E6BA007EBCAB /* Presenter */,
				D0A791772C34E69E007EBCAB /* Use Case */,
				D0A791782C34E6AC007EBCAB /* Entity */,
				D0A7916E2C342BA1007EBCAB /* Network */,
				D04CB4F02C4014C200695DFB /* CacheStore */,
				D0FFE3EC2C43C537006FC2D7 /* Utils */,
				D0A791542C342B34007EBCAB /* AppDelegate.swift */,
				D0A791562C342B34007EBCAB /* SceneDelegate.swift */,
				D0A7915D2C342B35007EBCAB /* Assets.xcassets */,
				D0A7915F2C342B35007EBCAB /* LaunchScreen.storyboard */,
				D0A7915A2C342B34007EBCAB /* Main.storyboard */,
				D0A791622C342B35007EBCAB /* Info.plist */,
			);
			path = "Houzz-Pagination";
			sourceTree = "<group>";
		};
		D0A7916E2C342BA1007EBCAB /* Network */ = {
			isa = PBXGroup;
			children = (
				D0A791682C342B6F007EBCAB /* HTTPClient.swift */,
				D0A7916A2C342B89007EBCAB /* RequestType.swift */,
				D0A7916C2C342B9B007EBCAB /* URLSessionHTTPClient.swift */,
			);
			path = Network;
			sourceTree = "<group>";
		};
		D0A791772C34E69E007EBCAB /* Use Case */ = {
			isa = PBXGroup;
			children = (
				D0A791732C342E2A007EBCAB /* UserUseCase.swift */,
			);
			path = "Use Case";
			sourceTree = "<group>";
		};
		D0A791782C34E6AC007EBCAB /* Entity */ = {
			isa = PBXGroup;
			children = (
				D04CB4F92C4015B200695DFB /* Remote */,
				D04CB4F72C40154800695DFB /* UserLocalRepository.swift */,
			);
			path = Entity;
			sourceTree = "<group>";
		};
		D0A791792C34E6BA007EBCAB /* Presenter */ = {
			isa = PBXGroup;
			children = (
				D0A791582C342B34007EBCAB /* UserViewController.swift */,
				D0A791752C342ED8007EBCAB /* UserViewModel.swift */,
			);
			path = Presenter;
			sourceTree = "<group>";
		};
		D0FFE3EC2C43C537006FC2D7 /* Utils */ = {
			isa = PBXGroup;
			children = (
				D0FFE3ED2C43C550006FC2D7 /* JsonEncoder+codableModelToJson.swift */,
			);
			path = Utils;
			sourceTree = "<group>";
		};
/* End PBXGroup section */

/* Begin PBXNativeTarget section */
		D0A791502C342B34007EBCAB /* Houzz-Pagination */ = {
			isa = PBXNativeTarget;
			buildConfigurationList = D0A791652C342B35007EBCAB /* Build configuration list for PBXNativeTarget "Houzz-Pagination" */;
			buildPhases = (
				D0A7914D2C342B34007EBCAB /* Sources */,
				D0A7914E2C342B34007EBCAB /* Frameworks */,
				D0A7914F2C342B34007EBCAB /* Resources */,
			);
			buildRules = (
			);
			dependencies = (
			);
			name = "Houzz-Pagination";
			productName = "Houzz-Pagination";
			productReference = D0A791512C342B34007EBCAB /* Houzz-Pagination.app */;
			productType = "com.apple.product-type.application";
		};
/* End PBXNativeTarget section */

/* Begin PBXProject section */
		D0A791492C342B34007EBCAB /* Project object */ = {
			isa = PBXProject;
			attributes = {
				BuildIndependentTargetsInParallel = 1;
				LastSwiftUpdateCheck = 1520;
				LastUpgradeCheck = 1520;
				TargetAttributes = {
					D0A791502C342B34007EBCAB = {
						CreatedOnToolsVersion = 15.2;
					};
				};
			};
			buildConfigurationList = D0A7914C2C342B34007EBCAB /* Build configuration list for PBXProject "Houzz-Pagination" */;
			compatibilityVersion = "Xcode 14.0";
			developmentRegion = en;
			hasScannedForEncodings = 0;
			knownRegions = (
				en,
				Base,
			);
			mainGroup = D0A791482C342B34007EBCAB;
			productRefGroup = D0A791522C342B34007EBCAB /* Products */;
			projectDirPath = "";
			projectRoot = "";
			targets = (
				D0A791502C342B34007EBCAB /* Houzz-Pagination */,
			);
		};
/* End PBXProject section */

/* Begin PBXResourcesBuildPhase section */
		D0A7914F2C342B34007EBCAB /* Resources */ = {
			isa = PBXResourcesBuildPhase;
			buildActionMask = 2147483647;
			files = (
				D0A791612C342B35007EBCAB /* LaunchScreen.storyboard in Resources */,
				D0A7915E2C342B35007EBCAB /* Assets.xcassets in Resources */,
				D0A7915C2C342B34007EBCAB /* Main.storyboard in Resources */,
			);
			runOnlyForDeploymentPostprocessing = 0;
		};
/* End PBXResourcesBuildPhase section */

/* Begin PBXSourcesBuildPhase section */
		D0A7914D2C342B34007EBCAB /* Sources */ = {
			isa = PBXSourcesBuildPhase;
			buildActionMask = 2147483647;
			files = (
				D0A791722C342D55007EBCAB /* UserRemoteRepository.swift in Sources */,
				D04CB4F62C4014E400695DFB /* CacheStore.swift in Sources */,
				D04CB4F42C4014E400695DFB /* CacheStoreProtocol.swift in Sources */,
				D0A791592C342B34007EBCAB /* UserViewController.swift in Sources */,
				D0FFE44C2C46659B006FC2D7 /* ImageCacheStore.swift in Sources */,
				D0A791552C342B34007EBCAB /* AppDelegate.swift in Sources */,
				D0A791762C342ED8007EBCAB /* UserViewModel.swift in Sources */,
				D0FFE3EE2C43C550006FC2D7 /* JsonEncoder+codableModelToJson.swift in Sources */,
				D0A791692C342B6F007EBCAB /* HTTPClient.swift in Sources */,
				D0A791572C342B34007EBCAB /* SceneDelegate.swift in Sources */,
				D0A791742C342E2A007EBCAB /* UserUseCase.swift in Sources */,
				D0A7916B2C342B89007EBCAB /* RequestType.swift in Sources */,
				D0A7916D2C342B9B007EBCAB /* URLSessionHTTPClient.swift in Sources */,
				D04CB4F52C4014E400695DFB /* RetrieveStoreResult.swift in Sources */,
				D04CB4F82C40154800695DFB /* UserLocalRepository.swift in Sources */,
				D0FFE4952C475B11006FC2D7 /* ImageCacheStoreProtocol.swift in Sources */,
				D0A791702C342BBC007EBCAB /* UserRequest.swift in Sources */,
			);
			runOnlyForDeploymentPostprocessing = 0;
		};
/* End PBXSourcesBuildPhase section */

/* Begin PBXVariantGroup section */
		D0A7915A2C342B34007EBCAB /* Main.storyboard */ = {
			isa = PBXVariantGroup;
			children = (
				D0A7915B2C342B34007EBCAB /* Base */,
			);
			name = Main.storyboard;
			sourceTree = "<group>";
		};
		D0A7915F2C342B35007EBCAB /* LaunchScreen.storyboard */ = {
			isa = PBXVariantGroup;
			children = (
				D0A791602C342B35007EBCAB /* Base */,
			);
			name = LaunchScreen.storyboard;
			sourceTree = "<group>";
		};
/* End PBXVariantGroup section */

/* Begin XCBuildConfiguration section */
		D0A791632C342B35007EBCAB /* Debug */ = {
			isa = XCBuildConfiguration;
			buildSettings = {
				ALWAYS_SEARCH_USER_PATHS = NO;
				ASSETCATALOG_COMPILER_GENERATE_SWIFT_ASSET_SYMBOL_EXTENSIONS = YES;
				CLANG_ANALYZER_NONNULL = YES;
				CLANG_ANALYZER_NUMBER_OBJECT_CONVERSION = YES_AGGRESSIVE;
				CLANG_CXX_LANGUAGE_STANDARD = "gnu++20";
				CLANG_ENABLE_MODULES = YES;
				CLANG_ENABLE_OBJC_ARC = YES;
				CLANG_ENABLE_OBJC_WEAK = YES;
				CLANG_WARN_BLOCK_CAPTURE_AUTORELEASING = YES;
				CLANG_WARN_BOOL_CONVERSION = YES;
				CLANG_WARN_COMMA = YES;
				CLANG_WARN_CONSTANT_CONVERSION = YES;
				CLANG_WARN_DEPRECATED_OBJC_IMPLEMENTATIONS = YES;
				CLANG_WARN_DIRECT_OBJC_ISA_USAGE = YES_ERROR;
				CLANG_WARN_DOCUMENTATION_COMMENTS = YES;
				CLANG_WARN_EMPTY_BODY = YES;
				CLANG_WARN_ENUM_CONVERSION = YES;
				CLANG_WARN_INFINITE_RECURSION = YES;
				CLANG_WARN_INT_CONVERSION = YES;
				CLANG_WARN_NON_LITERAL_NULL_CONVERSION = YES;
				CLANG_WARN_OBJC_IMPLICIT_RETAIN_SELF = YES;
				CLANG_WARN_OBJC_LITERAL_CONVERSION = YES;
				CLANG_WARN_OBJC_ROOT_CLASS = YES_ERROR;
				CLANG_WARN_QUOTED_INCLUDE_IN_FRAMEWORK_HEADER = YES;
				CLANG_WARN_RANGE_LOOP_ANALYSIS = YES;
				CLANG_WARN_STRICT_PROTOTYPES = YES;
				CLANG_WARN_SUSPICIOUS_MOVE = YES;
				CLANG_WARN_UNGUARDED_AVAILABILITY = YES_AGGRESSIVE;
				CLANG_WARN_UNREACHABLE_CODE = YES;
				CLANG_WARN__DUPLICATE_METHOD_MATCH = YES;
				COPY_PHASE_STRIP = NO;
				DEBUG_INFORMATION_FORMAT = dwarf;
				ENABLE_STRICT_OBJC_MSGSEND = YES;
				ENABLE_TESTABILITY = YES;
				ENABLE_USER_SCRIPT_SANDBOXING = YES;
				GCC_C_LANGUAGE_STANDARD = gnu17;
				GCC_DYNAMIC_NO_PIC = NO;
				GCC_NO_COMMON_BLOCKS = YES;
				GCC_OPTIMIZATION_LEVEL = 0;
				GCC_PREPROCESSOR_DEFINITIONS = (
					"DEBUG=1",
					"$(inherited)",
				);
				GCC_WARN_64_TO_32_BIT_CONVERSION = YES;
				GCC_WARN_ABOUT_RETURN_TYPE = YES_ERROR;
				GCC_WARN_UNDECLARED_SELECTOR = YES;
				GCC_WARN_UNINITIALIZED_AUTOS = YES_AGGRESSIVE;
				GCC_WARN_UNUSED_FUNCTION = YES;
				GCC_WARN_UNUSED_VARIABLE = YES;
				IPHONEOS_DEPLOYMENT_TARGET = 17.2;
				LOCALIZATION_PREFERS_STRING_CATALOGS = YES;
				MTL_ENABLE_DEBUG_INFO = INCLUDE_SOURCE;
				MTL_FAST_MATH = YES;
				ONLY_ACTIVE_ARCH = YES;
				SDKROOT = iphoneos;
				SWIFT_ACTIVE_COMPILATION_CONDITIONS = "DEBUG $(inherited)";
				SWIFT_OPTIMIZATION_LEVEL = "-Onone";
			};
			name = Debug;
		};
		D0A791642C342B35007EBCAB /* Release */ = {
			isa = XCBuildConfiguration;
			buildSettings = {
				ALWAYS_SEARCH_USER_PATHS = NO;
				ASSETCATALOG_COMPILER_GENERATE_SWIFT_ASSET_SYMBOL_EXTENSIONS = YES;
				CLANG_ANALYZER_NONNULL = YES;
				CLANG_ANALYZER_NUMBER_OBJECT_CONVERSION = YES_AGGRESSIVE;
				CLANG_CXX_LANGUAGE_STANDARD = "gnu++20";
				CLANG_ENABLE_MODULES = YES;
				CLANG_ENABLE_OBJC_ARC = YES;
				CLANG_ENABLE_OBJC_WEAK = YES;
				CLANG_WARN_BLOCK_CAPTURE_AUTORELEASING = YES;
				CLANG_WARN_BOOL_CONVERSION = YES;
				CLANG_WARN_COMMA = YES;
				CLANG_WARN_CONSTANT_CONVERSION = YES;
				CLANG_WARN_DEPRECATED_OBJC_IMPLEMENTATIONS = YES;
				CLANG_WARN_DIRECT_OBJC_ISA_USAGE = YES_ERROR;
				CLANG_WARN_DOCUMENTATION_COMMENTS = YES;
				CLANG_WARN_EMPTY_BODY = YES;
				CLANG_WARN_ENUM_CONVERSION = YES;
				CLANG_WARN_INFINITE_RECURSION = YES;
				CLANG_WARN_INT_CONVERSION = YES;
				CLANG_WARN_NON_LITERAL_NULL_CONVERSION = YES;
				CLANG_WARN_OBJC_IMPLICIT_RETAIN_SELF = YES;
				CLANG_WARN_OBJC_LITERAL_CONVERSION = YES;
				CLANG_WARN_OBJC_ROOT_CLASS = YES_ERROR;
				CLANG_WARN_QUOTED_INCLUDE_IN_FRAMEWORK_HEADER = YES;
				CLANG_WARN_RANGE_LOOP_ANALYSIS = YES;
				CLANG_WARN_STRICT_PROTOTYPES = YES;
				CLANG_WARN_SUSPICIOUS_MOVE = YES;
				CLANG_WARN_UNGUARDED_AVAILABILITY = YES_AGGRESSIVE;
				CLANG_WARN_UNREACHABLE_CODE = YES;
				CLANG_WARN__DUPLICATE_METHOD_MATCH = YES;
				COPY_PHASE_STRIP = NO;
				DEBUG_INFORMATION_FORMAT = "dwarf-with-dsym";
				ENABLE_NS_ASSERTIONS = NO;
				ENABLE_STRICT_OBJC_MSGSEND = YES;
				ENABLE_USER_SCRIPT_SANDBOXING = YES;
				GCC_C_LANGUAGE_STANDARD = gnu17;
				GCC_NO_COMMON_BLOCKS = YES;
				GCC_WARN_64_TO_32_BIT_CONVERSION = YES;
				GCC_WARN_ABOUT_RETURN_TYPE = YES_ERROR;
				GCC_WARN_UNDECLARED_SELECTOR = YES;
				GCC_WARN_UNINITIALIZED_AUTOS = YES_AGGRESSIVE;
				GCC_WARN_UNUSED_FUNCTION = YES;
				GCC_WARN_UNUSED_VARIABLE = YES;
				IPHONEOS_DEPLOYMENT_TARGET = 17.2;
				LOCALIZATION_PREFERS_STRING_CATALOGS = YES;
				MTL_ENABLE_DEBUG_INFO = NO;
				MTL_FAST_MATH = YES;
				SDKROOT = iphoneos;
				SWIFT_COMPILATION_MODE = wholemodule;
				VALIDATE_PRODUCT = YES;
			};
			name = Release;
		};
		D0A791662C342B35007EBCAB /* Debug */ = {
			isa = XCBuildConfiguration;
			buildSettings = {
				ASSETCATALOG_COMPILER_APPICON_NAME = AppIcon;
				ASSETCATALOG_COMPILER_GLOBAL_ACCENT_COLOR_NAME = AccentColor;
				CODE_SIGN_STYLE = Automatic;
				CURRENT_PROJECT_VERSION = 1;
				DEVELOPMENT_TEAM = 65QQ97XV3Q;
				GENERATE_INFOPLIST_FILE = YES;
				INFOPLIST_FILE = "Houzz-Pagination/Info.plist";
				INFOPLIST_KEY_UIApplicationSupportsIndirectInputEvents = YES;
				INFOPLIST_KEY_UILaunchStoryboardName = LaunchScreen;
				INFOPLIST_KEY_UIMainStoryboardFile = Main;
				INFOPLIST_KEY_UISupportedInterfaceOrientations_iPad = "UIInterfaceOrientationPortrait UIInterfaceOrientationPortraitUpsideDown UIInterfaceOrientationLandscapeLeft UIInterfaceOrientationLandscapeRight";
				INFOPLIST_KEY_UISupportedInterfaceOrientations_iPhone = "UIInterfaceOrientationPortrait UIInterfaceOrientationLandscapeLeft UIInterfaceOrientationLandscapeRight";
				LD_RUNPATH_SEARCH_PATHS = (
					"$(inherited)",
					"@executable_path/Frameworks",
				);
				MARKETING_VERSION = 1.0;
				PRODUCT_BUNDLE_IDENTIFIER = "com.judytsai.Houzz-Pagination";
				PRODUCT_NAME = "$(TARGET_NAME)";
				SWIFT_EMIT_LOC_STRINGS = YES;
				SWIFT_VERSION = 5.0;
				TARGETED_DEVICE_FAMILY = "1,2";
			};
			name = Debug;
		};
		D0A791672C342B35007EBCAB /* Release */ = {
			isa = XCBuildConfiguration;
			buildSettings = {
				ASSETCATALOG_COMPILER_APPICON_NAME = AppIcon;
				ASSETCATALOG_COMPILER_GLOBAL_ACCENT_COLOR_NAME = AccentColor;
				CODE_SIGN_STYLE = Automatic;
				CURRENT_PROJECT_VERSION = 1;
				DEVELOPMENT_TEAM = 65QQ97XV3Q;
				GENERATE_INFOPLIST_FILE = YES;
				INFOPLIST_FILE = "Houzz-Pagination/Info.plist";
				INFOPLIST_KEY_UIApplicationSupportsIndirectInputEvents = YES;
				INFOPLIST_KEY_UILaunchStoryboardName = LaunchScreen;
				INFOPLIST_KEY_UIMainStoryboardFile = Main;
				INFOPLIST_KEY_UISupportedInterfaceOrientations_iPad = "UIInterfaceOrientationPortrait UIInterfaceOrientationPortraitUpsideDown UIInterfaceOrientationLandscapeLeft UIInterfaceOrientationLandscapeRight";
				INFOPLIST_KEY_UISupportedInterfaceOrientations_iPhone = "UIInterfaceOrientationPortrait UIInterfaceOrientationLandscapeLeft UIInterfaceOrientationLandscapeRight";
				LD_RUNPATH_SEARCH_PATHS = (
					"$(inherited)",
					"@executable_path/Frameworks",
				);
				MARKETING_VERSION = 1.0;
				PRODUCT_BUNDLE_IDENTIFIER = "com.judytsai.Houzz-Pagination";
				PRODUCT_NAME = "$(TARGET_NAME)";
				SWIFT_EMIT_LOC_STRINGS = YES;
				SWIFT_VERSION = 5.0;
				TARGETED_DEVICE_FAMILY = "1,2";
			};
			name = Release;
		};
/* End XCBuildConfiguration section */

/* Begin XCConfigurationList section */
		D0A7914C2C342B34007EBCAB /* Build configuration list for PBXProject "Houzz-Pagination" */ = {
			isa = XCConfigurationList;
			buildConfigurations = (
				D0A791632C342B35007EBCAB /* Debug */,
				D0A791642C342B35007EBCAB /* Release */,
			);
			defaultConfigurationIsVisible = 0;
			defaultConfigurationName = Release;
		};
		D0A791652C342B35007EBCAB /* Build configuration list for PBXNativeTarget "Houzz-Pagination" */ = {
			isa = XCConfigurationList;
			buildConfigurations = (
				D0A791662C342B35007EBCAB /* Debug */,
				D0A791672C342B35007EBCAB /* Release */,
			);
			defaultConfigurationIsVisible = 0;
			defaultConfigurationName = Release;
		};
/* End XCConfigurationList section */
	};
	rootObject = D0A791492C342B34007EBCAB /* Project object */;
}
